// !$*UTF8*$!
{
	archiveVersion = 1;
	classes = {
	};
	objectVersion = 46;
	objects = {

/* Begin PBXBuildFile section */
		9B6962211F1241A30078F9B2 /* AppDelegate.swift in Sources */ = {isa = PBXBuildFile; fileRef = 9B6962201F1241A30078F9B2 /* AppDelegate.swift */; };
		9B6962231F1241A30078F9B2 /* ViewController.swift in Sources */ = {isa = PBXBuildFile; fileRef = 9B6962221F1241A30078F9B2 /* ViewController.swift */; };
		9B6962261F1241A30078F9B2 /* Main.storyboard in Resources */ = {isa = PBXBuildFile; fileRef = 9B6962241F1241A30078F9B2 /* Main.storyboard */; };
		9B6962291F1241A30078F9B2 /* ClickAndShare.xcdatamodeld in Sources */ = {isa = PBXBuildFile; fileRef = 9B6962271F1241A30078F9B2 /* ClickAndShare.xcdatamodeld */; };
		9B69622B1F1241A30078F9B2 /* Assets.xcassets in Resources */ = {isa = PBXBuildFile; fileRef = 9B69622A1F1241A30078F9B2 /* Assets.xcassets */; };
		9B69622E1F1241A30078F9B2 /* LaunchScreen.storyboard in Resources */ = {isa = PBXBuildFile; fileRef = 9B69622C1F1241A30078F9B2 /* LaunchScreen.storyboard */; };
		9B6962391F1241A40078F9B2 /* ClickAndShareTests.swift in Sources */ = {isa = PBXBuildFile; fileRef = 9B6962381F1241A40078F9B2 /* ClickAndShareTests.swift */; };
		9B6962441F1241A40078F9B2 /* ClickAndShareUITests.swift in Sources */ = {isa = PBXBuildFile; fileRef = 9B6962431F1241A40078F9B2 /* ClickAndShareUITests.swift */; };
		9B6962531F124F2C0078F9B2 /* Extensions.swift in Sources */ = {isa = PBXBuildFile; fileRef = 9B6962521F124F2C0078F9B2 /* Extensions.swift */; };
/* End PBXBuildFile section */

/* Begin PBXContainerItemProxy section */
		9B6962351F1241A40078F9B2 /* PBXContainerItemProxy */ = {
			isa = PBXContainerItemProxy;
			containerPortal = 9B6962151F1241A30078F9B2 /* Project object */;
			proxyType = 1;
			remoteGlobalIDString = 9B69621C1F1241A30078F9B2;
			remoteInfo = ClickAndShare;
		};
		9B6962401F1241A40078F9B2 /* PBXContainerItemProxy */ = {
			isa = PBXContainerItemProxy;
			containerPortal = 9B6962151F1241A30078F9B2 /* Project object */;
			proxyType = 1;
			remoteGlobalIDString = 9B69621C1F1241A30078F9B2;
			remoteInfo = ClickAndShare;
		};
/* End PBXContainerItemProxy section */

/* Begin PBXFileReference section */
		9B69621D1F1241A30078F9B2 /* ClickAndShare.app */ = {isa = PBXFileReference; explicitFileType = wrapper.application; includeInIndex = 0; path = ClickAndShare.app; sourceTree = BUILT_PRODUCTS_DIR; };
		9B6962201F1241A30078F9B2 /* AppDelegate.swift */ = {isa = PBXFileReference; lastKnownFileType = sourcecode.swift; path = AppDelegate.swift; sourceTree = "<group>"; };
		9B6962221F1241A30078F9B2 /* ViewController.swift */ = {isa = PBXFileReference; lastKnownFileType = sourcecode.swift; path = ViewController.swift; sourceTree = "<group>"; };
		9B6962251F1241A30078F9B2 /* Base */ = {isa = PBXFileReference; lastKnownFileType = file.storyboard; name = Base; path = Base.lproj/Main.storyboard; sourceTree = "<group>"; };
		9B6962281F1241A30078F9B2 /* ClickAndShare.xcdatamodel */ = {isa = PBXFileReference; lastKnownFileType = wrapper.xcdatamodel; path = ClickAndShare.xcdatamodel; sourceTree = "<group>"; };
		9B69622A1F1241A30078F9B2 /* Assets.xcassets */ = {isa = PBXFileReference; lastKnownFileType = folder.assetcatalog; path = Assets.xcassets; sourceTree = "<group>"; };
		9B69622D1F1241A30078F9B2 /* Base */ = {isa = PBXFileReference; lastKnownFileType = file.storyboard; name = Base; path = Base.lproj/LaunchScreen.storyboard; sourceTree = "<group>"; };
		9B69622F1F1241A30078F9B2 /* Info.plist */ = {isa = PBXFileReference; lastKnownFileType = text.plist.xml; path = Info.plist; sourceTree = "<group>"; };
		9B6962341F1241A40078F9B2 /* ClickAndShareTests.xctest */ = {isa = PBXFileReference; explicitFileType = wrapper.cfbundle; includeInIndex = 0; path = ClickAndShareTests.xctest; sourceTree = BUILT_PRODUCTS_DIR; };
		9B6962381F1241A40078F9B2 /* ClickAndShareTests.swift */ = {isa = PBXFileReference; lastKnownFileType = sourcecode.swift; path = ClickAndShareTests.swift; sourceTree = "<group>"; };
		9B69623A1F1241A40078F9B2 /* Info.plist */ = {isa = PBXFileReference; lastKnownFileType = text.plist.xml; path = Info.plist; sourceTree = "<group>"; };
		9B69623F1F1241A40078F9B2 /* ClickAndShareUITests.xctest */ = {isa = PBXFileReference; explicitFileType = wrapper.cfbundle; includeInIndex = 0; path = ClickAndShareUITests.xctest; sourceTree = BUILT_PRODUCTS_DIR; };
		9B6962431F1241A40078F9B2 /* ClickAndShareUITests.swift */ = {isa = PBXFileReference; lastKnownFileType = sourcecode.swift; path = ClickAndShareUITests.swift; sourceTree = "<group>"; };
		9B6962451F1241A40078F9B2 /* Info.plist */ = {isa = PBXFileReference; lastKnownFileType = text.plist.xml; path = Info.plist; sourceTree = "<group>"; };
		9B6962521F124F2C0078F9B2 /* Extensions.swift */ = {isa = PBXFileReference; fileEncoding = 4; lastKnownFileType = sourcecode.swift; path = Extensions.swift; sourceTree = "<group>"; };
/* End PBXFileReference section */

/* Begin PBXFrameworksBuildPhase section */
		9B69621A1F1241A30078F9B2 /* Frameworks */ = {
			isa = PBXFrameworksBuildPhase;
			buildActionMask = 2147483647;
			files = (
			);
			runOnlyForDeploymentPostprocessing = 0;
		};
		9B6962311F1241A40078F9B2 /* Frameworks */ = {
			isa = PBXFrameworksBuildPhase;
			buildActionMask = 2147483647;
			files = (
			);
			runOnlyForDeploymentPostprocessing = 0;
		};
		9B69623C1F1241A40078F9B2 /* Frameworks */ = {
			isa = PBXFrameworksBuildPhase;
			buildActionMask = 2147483647;
			files = (
			);
			runOnlyForDeploymentPostprocessing = 0;
		};
/* End PBXFrameworksBuildPhase section */

/* Begin PBXGroup section */
		9B6962141F1241A30078F9B2 = {
			isa = PBXGroup;
			children = (
				9B69621F1F1241A30078F9B2 /* ClickAndShare */,
				9B6962371F1241A40078F9B2 /* ClickAndShareTests */,
				9B6962421F1241A40078F9B2 /* ClickAndShareUITests */,
				9B69621E1F1241A30078F9B2 /* Products */,
			);
			sourceTree = "<group>";
		};
		9B69621E1F1241A30078F9B2 /* Products */ = {
			isa = PBXGroup;
			children = (
				9B69621D1F1241A30078F9B2 /* ClickAndShare.app */,
				9B6962341F1241A40078F9B2 /* ClickAndShareTests.xctest */,
				9B69623F1F1241A40078F9B2 /* ClickAndShareUITests.xctest */,
			);
			name = Products;
			sourceTree = "<group>";
		};
		9B69621F1F1241A30078F9B2 /* ClickAndShare */ = {
			isa = PBXGroup;
			children = (
				9B6962511F124EB80078F9B2 /* Extensions */,
				9B6962201F1241A30078F9B2 /* AppDelegate.swift */,
				9B6962221F1241A30078F9B2 /* ViewController.swift */,
				9B6962241F1241A30078F9B2 /* Main.storyboard */,
				9B69622A1F1241A30078F9B2 /* Assets.xcassets */,
				9B69622C1F1241A30078F9B2 /* LaunchScreen.storyboard */,
				9B69622F1F1241A30078F9B2 /* Info.plist */,
				9B6962271F1241A30078F9B2 /* ClickAndShare.xcdatamodeld */,
			);
			path = ClickAndShare;
			sourceTree = "<group>";
		};
		9B6962371F1241A40078F9B2 /* ClickAndShareTests */ = {
			isa = PBXGroup;
			children = (
				9B6962381F1241A40078F9B2 /* ClickAndShareTests.swift */,
				9B69623A1F1241A40078F9B2 /* Info.plist */,
			);
			path = ClickAndShareTests;
			sourceTree = "<group>";
		};
		9B6962421F1241A40078F9B2 /* ClickAndShareUITests */ = {
			isa = PBXGroup;
			children = (
				9B6962431F1241A40078F9B2 /* ClickAndShareUITests.swift */,
				9B6962451F1241A40078F9B2 /* Info.plist */,
			);
			path = ClickAndShareUITests;
			sourceTree = "<group>";
		};
		9B6962511F124EB80078F9B2 /* Extensions */ = {
			isa = PBXGroup;
			children = (
				9B6962521F124F2C0078F9B2 /* Extensions.swift */,
			);
			name = Extensions;
			sourceTree = "<group>";
		};
/* End PBXGroup section */

/* Begin PBXNativeTarget section */
		9B69621C1F1241A30078F9B2 /* ClickAndShare */ = {
			isa = PBXNativeTarget;
			buildConfigurationList = 9B6962481F1241A40078F9B2 /* Build configuration list for PBXNativeTarget "ClickAndShare" */;
			buildPhases = (
				9B6962191F1241A30078F9B2 /* Sources */,
				9B69621A1F1241A30078F9B2 /* Frameworks */,
				9B69621B1F1241A30078F9B2 /* Resources */,
			);
			buildRules = (
			);
			dependencies = (
			);
			name = ClickAndShare;
			productName = ClickAndShare;
			productReference = 9B69621D1F1241A30078F9B2 /* ClickAndShare.app */;
			productType = "com.apple.product-type.application";
		};
		9B6962331F1241A40078F9B2 /* ClickAndShareTests */ = {
			isa = PBXNativeTarget;
			buildConfigurationList = 9B69624B1F1241A40078F9B2 /* Build configuration list for PBXNativeTarget "ClickAndShareTests" */;
			buildPhases = (
				9B6962301F1241A40078F9B2 /* Sources */,
				9B6962311F1241A40078F9B2 /* Frameworks */,
				9B6962321F1241A40078F9B2 /* Resources */,
			);
			buildRules = (
			);
			dependencies = (
				9B6962361F1241A40078F9B2 /* PBXTargetDependency */,
			);
			name = ClickAndShareTests;
			productName = ClickAndShareTests;
			productReference = 9B6962341F1241A40078F9B2 /* ClickAndShareTests.xctest */;
			productType = "com.apple.product-type.bundle.unit-test";
		};
		9B69623E1F1241A40078F9B2 /* ClickAndShareUITests */ = {
			isa = PBXNativeTarget;
			buildConfigurationList = 9B69624E1F1241A40078F9B2 /* Build configuration list for PBXNativeTarget "ClickAndShareUITests" */;
			buildPhases = (
				9B69623B1F1241A40078F9B2 /* Sources */,
				9B69623C1F1241A40078F9B2 /* Frameworks */,
				9B69623D1F1241A40078F9B2 /* Resources */,
			);
			buildRules = (
			);
			dependencies = (
				9B6962411F1241A40078F9B2 /* PBXTargetDependency */,
			);
			name = ClickAndShareUITests;
			productName = ClickAndShareUITests;
			productReference = 9B69623F1F1241A40078F9B2 /* ClickAndShareUITests.xctest */;
			productType = "com.apple.product-type.bundle.ui-testing";
		};
/* End PBXNativeTarget section */

/* Begin PBXProject section */
		9B6962151F1241A30078F9B2 /* Project object */ = {
			isa = PBXProject;
			attributes = {
				LastSwiftUpdateCheck = 0830;
				LastUpgradeCheck = 0830;
				ORGANIZATIONNAME = Madhusudhan;
				TargetAttributes = {
					9B69621C1F1241A30078F9B2 = {
						CreatedOnToolsVersion = 8.3.2;
						DevelopmentTeam = LXKYY3Z6TA;
						ProvisioningStyle = Automatic;
					};
					9B6962331F1241A40078F9B2 = {
						CreatedOnToolsVersion = 8.3.2;
						DevelopmentTeam = LXKYY3Z6TA;
						ProvisioningStyle = Automatic;
						TestTargetID = 9B69621C1F1241A30078F9B2;
					};
					9B69623E1F1241A40078F9B2 = {
						CreatedOnToolsVersion = 8.3.2;
						DevelopmentTeam = LXKYY3Z6TA;
						ProvisioningStyle = Automatic;
						TestTargetID = 9B69621C1F1241A30078F9B2;
					};
				};
			};
			buildConfigurationList = 9B6962181F1241A30078F9B2 /* Build configuration list for PBXProject "ClickAndShare" */;
			compatibilityVersion = "Xcode 3.2";
			developmentRegion = English;
			hasScannedForEncodings = 0;
			knownRegions = (
				en,
				Base,
			);
			mainGroup = 9B6962141F1241A30078F9B2;
			productRefGroup = 9B69621E1F1241A30078F9B2 /* Products */;
			projectDirPath = "";
			projectRoot = "";
			targets = (
				9B69621C1F1241A30078F9B2 /* ClickAndShare */,
				9B6962331F1241A40078F9B2 /* ClickAndShareTests */,
				9B69623E1F1241A40078F9B2 /* ClickAndShareUITests */,
			);
		};
/* End PBXProject section */

/* Begin PBXResourcesBuildPhase section */
		9B69621B1F1241A30078F9B2 /* Resources */ = {
			isa = PBXResourcesBuildPhase;
			buildActionMask = 2147483647;
			files = (
				9B69622E1F1241A30078F9B2 /* LaunchScreen.storyboard in Resources */,
				9B69622B1F1241A30078F9B2 /* Assets.xcassets in Resources */,
				9B6962261F1241A30078F9B2 /* Main.storyboard in Resources */,
			);
			runOnlyForDeploymentPostprocessing = 0;
		};
		9B6962321F1241A40078F9B2 /* Resources */ = {
			isa = PBXResourcesBuildPhase;
			buildActionMask = 2147483647;
			files = (
			);
			runOnlyForDeploymentPostprocessing = 0;
		};
		9B69623D1F1241A40078F9B2 /* Resources */ = {
			isa = PBXResourcesBuildPhase;
			buildActionMask = 2147483647;
			files = (
			);
			runOnlyForDeploymentPostprocessing = 0;
		};
/* End PBXResourcesBuildPhase section */

/* Begin PBXSourcesBuildPhase section */
		9B6962191F1241A30078F9B2 /* Sources */ = {
			isa = PBXSourcesBuildPhase;
			buildActionMask = 2147483647;
			files = (
				9B6962291F1241A30078F9B2 /* ClickAndShare.xcdatamodeld in Sources */,
				9B6962231F1241A30078F9B2 /* ViewController.swift in Sources */,
				9B6962211F1241A30078F9B2 /* AppDelegate.swift in Sources */,
				9B6962531F124F2C0078F9B2 /* Extensions.swift in Sources */,
			);
			runOnlyForDeploymentPostprocessing = 0;
		};
		9B6962301F1241A40078F9B2 /* Sources */ = {
			isa = PBXSourcesBuildPhase;
			buildActionMask = 2147483647;
			files = (
				9B6962391F1241A40078F9B2 /* ClickAndShareTests.swift in Sources */,
			);
			runOnlyForDeploymentPostprocessing = 0;
		};
		9B69623B1F1241A40078F9B2 /* Sources */ = {
			isa = PBXSourcesBuildPhase;
			buildActionMask = 2147483647;
			files = (
				9B6962441F1241A40078F9B2 /* ClickAndShareUITests.swift in Sources */,
			);
			runOnlyForDeploymentPostprocessing = 0;
		};
/* End PBXSourcesBuildPhase section */

/* Begin PBXTargetDependency section */
		9B6962361F1241A40078F9B2 /* PBXTargetDependency */ = {
			isa = PBXTargetDependency;
			target = 9B69621C1F1241A30078F9B2 /* ClickAndShare */;
			targetProxy = 9B6962351F1241A40078F9B2 /* PBXContainerItemProxy */;
		};
		9B6962411F1241A40078F9B2 /* PBXTargetDependency */ = {
			isa = PBXTargetDependency;
			target = 9B69621C1F1241A30078F9B2 /* ClickAndShare */;
			targetProxy = 9B6962401F1241A40078F9B2 /* PBXContainerItemProxy */;
		};
/* End PBXTargetDependency section */

/* Begin PBXVariantGroup section */
		9B6962241F1241A30078F9B2 /* Main.storyboard */ = {
			isa = PBXVariantGroup;
			children = (
				9B6962251F1241A30078F9B2 /* Base */,
			);
			name = Main.storyboard;
			sourceTree = "<group>";
		};
		9B69622C1F1241A30078F9B2 /* LaunchScreen.storyboard */ = {
			isa = PBXVariantGroup;
			children = (
				9B69622D1F1241A30078F9B2 /* Base */,
			);
			name = LaunchScreen.storyboard;
			sourceTree = "<group>";
		};
/* End PBXVariantGroup section */

/* Begin XCBuildConfiguration section */
		9B6962461F1241A40078F9B2 /* Debug */ = {
			isa = XCBuildConfiguration;
			buildSettings = {
				ALWAYS_SEARCH_USER_PATHS = NO;
				CLANG_ANALYZER_NONNULL = YES;
				CLANG_ANALYZER_NUMBER_OBJECT_CONVERSION = YES_AGGRESSIVE;
				CLANG_CXX_LANGUAGE_STANDARD = "gnu++0x";
				CLANG_CXX_LIBRARY = "libc++";
				CLANG_ENABLE_MODULES = YES;
				CLANG_ENABLE_OBJC_ARC = YES;
				CLANG_WARN_BOOL_CONVERSION = YES;
				CLANG_WARN_CONSTANT_CONVERSION = YES;
				CLANG_WARN_DIRECT_OBJC_ISA_USAGE = YES_ERROR;
				CLANG_WARN_DOCUMENTATION_COMMENTS = YES;
				CLANG_WARN_EMPTY_BODY = YES;
				CLANG_WARN_ENUM_CONVERSION = YES;
				CLANG_WARN_INFINITE_RECURSION = YES;
				CLANG_WARN_INT_CONVERSION = YES;
				CLANG_WARN_OBJC_ROOT_CLASS = YES_ERROR;
				CLANG_WARN_SUSPICIOUS_MOVE = YES;
				CLANG_WARN_UNREACHABLE_CODE = YES;
				CLANG_WARN__DUPLICATE_METHOD_MATCH = YES;
				"CODE_SIGN_IDENTITY[sdk=iphoneos*]" = "iPhone Developer";
				COPY_PHASE_STRIP = NO;
				DEBUG_INFORMATION_FORMAT = dwarf;
				ENABLE_STRICT_OBJC_MSGSEND = YES;
				ENABLE_TESTABILITY = YES;
				GCC_C_LANGUAGE_STANDARD = gnu99;
				GCC_DYNAMIC_NO_PIC = NO;
				GCC_NO_COMMON_BLOCKS = YES;
				GCC_OPTIMIZATION_LEVEL = 0;
				GCC_PREPROCESSOR_DEFINITIONS = (
					"DEBUG=1",
					"$(inherited)",
				);
				GCC_WARN_64_TO_32_BIT_CONVERSION = YES;
				GCC_WARN_ABOUT_RETURN_TYPE = YES_ERROR;
				GCC_WARN_UNDECLARED_SELECTOR = YES;
				GCC_WARN_UNINITIALIZED_AUTOS = YES_AGGRESSIVE;
				GCC_WARN_UNUSED_FUNCTION = YES;
				GCC_WARN_UNUSED_VARIABLE = YES;
				IPHONEOS_DEPLOYMENT_TARGET = 10.3;
				MTL_ENABLE_DEBUG_INFO = YES;
				ONLY_ACTIVE_ARCH = YES;
				SDKROOT = iphoneos;
				SWIFT_ACTIVE_COMPILATION_CONDITIONS = DEBUG;
				SWIFT_OPTIMIZATION_LEVEL = "-Onone";
				TARGETED_DEVICE_FAMILY = "1,2";
			};
			name = Debug;
		};
		9B6962471F1241A40078F9B2 /* Release */ = {
			isa = XCBuildConfiguration;
			buildSettings = {
				ALWAYS_SEARCH_USER_PATHS = NO;
				CLANG_ANALYZER_NONNULL = YES;
				CLANG_ANALYZER_NUMBER_OBJECT_CONVERSION = YES_AGGRESSIVE;
				CLANG_CXX_LANGUAGE_STANDARD = "gnu++0x";
				CLANG_CXX_LIBRARY = "libc++";
				CLANG_ENABLE_MODULES = YES;
				CLANG_ENABLE_OBJC_ARC = YES;
				CLANG_WARN_BOOL_CONVERSION = YES;
				CLANG_WARN_CONSTANT_CONVERSION = YES;
				CLANG_WARN_DIRECT_OBJC_ISA_USAGE = YES_ERROR;
				CLANG_WARN_DOCUMENTATION_COMMENTS = YES;
				CLANG_WARN_EMPTY_BODY = YES;
				CLANG_WARN_ENUM_CONVERSION = YES;
				CLANG_WARN_INFINITE_RECURSION = YES;
				CLANG_WARN_INT_CONVERSION = YES;
				CLANG_WARN_OBJC_ROOT_CLASS = YES_ERROR;
				CLANG_WARN_SUSPICIOUS_MOVE = YES;
				CLANG_WARN_UNREACHABLE_CODE = YES;
				CLANG_WARN__DUPLICATE_METHOD_MATCH = YES;
				"CODE_SIGN_IDENTITY[sdk=iphoneos*]" = "iPhone Developer";
				COPY_PHASE_STRIP = NO;
				DEBUG_INFORMATION_FORMAT = "dwarf-with-dsym";
				ENABLE_NS_ASSERTIONS = NO;
				ENABLE_STRICT_OBJC_MSGSEND = YES;
				GCC_C_LANGUAGE_STANDARD = gnu99;
				GCC_NO_COMMON_BLOCKS = YES;
				GCC_WARN_64_TO_32_BIT_CONVERSION = YES;
				GCC_WARN_ABOUT_RETURN_TYPE = YES_ERROR;
				GCC_WARN_UNDECLARED_SELECTOR = YES;
				GCC_WARN_UNINITIALIZED_AUTOS = YES_AGGRESSIVE;
				GCC_WARN_UNUSED_FUNCTION = YES;
				GCC_WARN_UNUSED_VARIABLE = YES;
				IPHONEOS_DEPLOYMENT_TARGET = 10.3;
				MTL_ENABLE_DEBUG_INFO = NO;
				SDKROOT = iphoneos;
				SWIFT_OPTIMIZATION_LEVEL = "-Owholemodule";
				TARGETED_DEVICE_FAMILY = "1,2";
				VALIDATE_PRODUCT = YES;
			};
			name = Release;
		};
		9B6962491F1241A40078F9B2 /* Debug */ = {
			isa = XCBuildConfiguration;
			buildSettings = {
				ASSETCATALOG_COMPILER_APPICON_NAME = AppIcon;
				DEVELOPMENT_TEAM = LXKYY3Z6TA;
				INFOPLIST_FILE = ClickAndShare/Info.plist;
				IPHONEOS_DEPLOYMENT_TARGET = 10.0;
				LD_RUNPATH_SEARCH_PATHS = "$(inherited) @executable_path/Frameworks";
				PRODUCT_BUNDLE_IDENTIFIER = com.madhusudhanbr.ClickAndShare;
				PRODUCT_NAME = "$(TARGET_NAME)";
				SWIFT_VERSION = 3.0;
			};
			name = Debug;
		};
		9B69624A1F1241A40078F9B2 /* Release */ = {
			isa = XCBuildConfiguration;
			buildSettings = {
				ASSETCATALOG_COMPILER_APPICON_NAME = AppIcon;
				DEVELOPMENT_TEAM = LXKYY3Z6TA;
				INFOPLIST_FILE = ClickAndShare/Info.plist;
				IPHONEOS_DEPLOYMENT_TARGET = 10.0;
				LD_RUNPATH_SEARCH_PATHS = "$(inherited) @executable_path/Frameworks";
				PRODUCT_BUNDLE_IDENTIFIER = com.madhusudhanbr.ClickAndShare;
				PRODUCT_NAME = "$(TARGET_NAME)";
				SWIFT_VERSION = 3.0;
			};
			name = Release;
		};
		9B69624C1F1241A40078F9B2 /* Debug */ = {
			isa = XCBuildConfiguration;
			buildSettings = {
				ALWAYS_EMBED_SWIFT_STANDARD_LIBRARIES = YES;
				BUNDLE_LOADER = "$(TEST_HOST)";
				DEVELOPMENT_TEAM = LXKYY3Z6TA;
				INFOPLIST_FILE = ClickAndShareTests/Info.plist;
				LD_RUNPATH_SEARCH_PATHS = "$(inherited) @executable_path/Frameworks @loader_path/Frameworks";
				PRODUCT_BUNDLE_IDENTIFIER = com.madhusudhanbr.ClickAndShareTests;
				PRODUCT_NAME = "$(TARGET_NAME)";
				SWIFT_VERSION = 3.0;
				TEST_HOST = "$(BUILT_PRODUCTS_DIR)/ClickAndShare.app/ClickAndShare";
			};
			name = Debug;
		};
		9B69624D1F1241A40078F9B2 /* Release */ = {
			isa = XCBuildConfiguration;
			buildSettings = {
				ALWAYS_EMBED_SWIFT_STANDARD_LIBRARIES = YES;
				BUNDLE_LOADER = "$(TEST_HOST)";
				DEVELOPMENT_TEAM = LXKYY3Z6TA;
				INFOPLIST_FILE = ClickAndShareTests/Info.plist;
				LD_RUNPATH_SEARCH_PATHS = "$(inherited) @executable_path/Frameworks @loader_path/Frameworks";
				PRODUCT_BUNDLE_IDENTIFIER = com.madhusudhanbr.ClickAndShareTests;
				PRODUCT_NAME = "$(TARGET_NAME)";
				SWIFT_VERSION = 3.0;
				TEST_HOST = "$(BUILT_PRODUCTS_DIR)/ClickAndShare.app/ClickAndShare";
			};
			name = Release;
		};
		9B69624F1F1241A40078F9B2 /* Debug */ = {
			isa = XCBuildConfiguration;
			buildSettings = {
				ALWAYS_EMBED_SWIFT_STANDARD_LIBRARIES = YES;
				DEVELOPMENT_TEAM = LXKYY3Z6TA;
				INFOPLIST_FILE = ClickAndShareUITests/Info.plist;
				LD_RUNPATH_SEARCH_PATHS = "$(inherited) @executable_path/Frameworks @loader_path/Frameworks";
				PRODUCT_BUNDLE_IDENTIFIER = com.madhusudhanbr.ClickAndShareUITests;
				PRODUCT_NAME = "$(TARGET_NAME)";
				SWIFT_VERSION = 3.0;
				TEST_TARGET_NAME = ClickAndShare;
			};
			name = Debug;
		};
		9B6962501F1241A40078F9B2 /* Release */ = {
			isa = XCBuildConfiguration;
			buildSettings = {
				ALWAYS_EMBED_SWIFT_STANDARD_LIBRARIES = YES;
				DEVELOPMENT_TEAM = LXKYY3Z6TA;
				INFOPLIST_FILE = ClickAndShareUITests/Info.plist;
				LD_RUNPATH_SEARCH_PATHS = "$(inherited) @executable_path/Frameworks @loader_path/Frameworks";
				PRODUCT_BUNDLE_IDENTIFIER = com.madhusudhanbr.ClickAndShareUITests;
				PRODUCT_NAME = "$(TARGET_NAME)";
				SWIFT_VERSION = 3.0;
				TEST_TARGET_NAME = ClickAndShare;
			};
			name = Release;
		};
/* End XCBuildConfiguration section */

/* Begin XCConfigurationList section */
		9B6962181F1241A30078F9B2 /* Build configuration list for PBXProject "ClickAndShare" */ = {
			isa = XCConfigurationList;
			buildConfigurations = (
				9B6962461F1241A40078F9B2 /* Debug */,
				9B6962471F1241A40078F9B2 /* Release */,
			);
			defaultConfigurationIsVisible = 0;
			defaultConfigurationName = Release;
		};
		9B6962481F1241A40078F9B2 /* Build configuration list for PBXNativeTarget "ClickAndShare" */ = {
			isa = XCConfigurationList;
			buildConfigurations = (
				9B6962491F1241A40078F9B2 /* Debug */,
				9B69624A1F1241A40078F9B2 /* Release */,
			);
			defaultConfigurationIsVisible = 0;
		};
		9B69624B1F1241A40078F9B2 /* Build configuration list for PBXNativeTarget "ClickAndShareTests" */ = {
			isa = XCConfigurationList;
			buildConfigurations = (
				9B69624C1F1241A40078F9B2 /* Debug */,
				9B69624D1F1241A40078F9B2 /* Release */,
			);
			defaultConfigurationIsVisible = 0;
		};
		9B69624E1F1241A40078F9B2 /* Build configuration list for PBXNativeTarget "ClickAndShareUITests" */ = {
			isa = XCConfigurationList;
			buildConfigurations = (
				9B69624F1F1241A40078F9B2 /* Debug */,
				9B6962501F1241A40078F9B2 /* Release */,
			);
			defaultConfigurationIsVisible = 0;
		};
/* End XCConfigurationList section */

/* Begin XCVersionGroup section */
		9B6962271F1241A30078F9B2 /* ClickAndShare.xcdatamodeld */ = {
			isa = XCVersionGroup;
			children = (
				9B6962281F1241A30078F9B2 /* ClickAndShare.xcdatamodel */,
			);
			currentVersion = 9B6962281F1241A30078F9B2 /* ClickAndShare.xcdatamodel */;
			path = ClickAndShare.xcdatamodeld;
			sourceTree = "<group>";
			versionGroupType = wrapper.xcdatamodel;
		};
/* End XCVersionGroup section */
	};
	rootObject = 9B6962151F1241A30078F9B2 /* Project object */;
}
