// !$*UTF8*$!
{
	archiveVersion = 1;
	classes = {
	};
	objectVersion = 46;
	objects = {

/* Begin PBXBuildFile section */
		29B0C56862103499920D8D7A /* Pods_ClickAndShareTests.framework in Frameworks */ = {isa = PBXBuildFile; fileRef = EBF51CECF159202217624EE8 /* Pods_ClickAndShareTests.framework */; };
		9B6962211F1241A30078F9B2 /* AppDelegate.swift in Sources */ = {isa = PBXBuildFile; fileRef = 9B6962201F1241A30078F9B2 /* AppDelegate.swift */; };
		9B6962231F1241A30078F9B2 /* ViewController.swift in Sources */ = {isa = PBXBuildFile; fileRef = 9B6962221F1241A30078F9B2 /* ViewController.swift */; };
		9B6962261F1241A30078F9B2 /* Main.storyboard in Resources */ = {isa = PBXBuildFile; fileRef = 9B6962241F1241A30078F9B2 /* Main.storyboard */; };
		9B6962291F1241A30078F9B2 /* ClickAndShare.xcdatamodeld in Sources */ = {isa = PBXBuildFile; fileRef = 9B6962271F1241A30078F9B2 /* ClickAndShare.xcdatamodeld */; };
		9B69622B1F1241A30078F9B2 /* Assets.xcassets in Resources */ = {isa = PBXBuildFile; fileRef = 9B69622A1F1241A30078F9B2 /* Assets.xcassets */; };
		9B69622E1F1241A30078F9B2 /* LaunchScreen.storyboard in Resources */ = {isa = PBXBuildFile; fileRef = 9B69622C1F1241A30078F9B2 /* LaunchScreen.storyboard */; };
		9B6962391F1241A40078F9B2 /* ClickAndShareTests.swift in Sources */ = {isa = PBXBuildFile; fileRef = 9B6962381F1241A40078F9B2 /* ClickAndShareTests.swift */; };
		9B6962441F1241A40078F9B2 /* ClickAndShareUITests.swift in Sources */ = {isa = PBXBuildFile; fileRef = 9B6962431F1241A40078F9B2 /* ClickAndShareUITests.swift */; };
		9B6962531F124F2C0078F9B2 /* Extensions.swift in Sources */ = {isa = PBXBuildFile; fileRef = 9B6962521F124F2C0078F9B2 /* Extensions.swift */; };
		9B6962551F1257440078F9B2 /* GoogleService-Info.plist in Resources */ = {isa = PBXBuildFile; fileRef = 9B6962541F1257440078F9B2 /* GoogleService-Info.plist */; };
		9B6962571F134F9A0078F9B2 /* MainTabBarController.swift in Sources */ = {isa = PBXBuildFile; fileRef = 9B6962561F134F9A0078F9B2 /* MainTabBarController.swift */; };
		9B6962591F134FF10078F9B2 /* UserProfileController.swift in Sources */ = {isa = PBXBuildFile; fileRef = 9B6962581F134FF10078F9B2 /* UserProfileController.swift */; };
		9B69625F1F1359F30078F9B2 /* UserProfileHeader.swift in Sources */ = {isa = PBXBuildFile; fileRef = 9B69625E1F1359F30078F9B2 /* UserProfileHeader.swift */; };
		9B6962611F136C490078F9B2 /* User.swift in Sources */ = {isa = PBXBuildFile; fileRef = 9B6962601F136C490078F9B2 /* User.swift */; };
		9B6962651F148B0D0078F9B2 /* LoginController.swift in Sources */ = {isa = PBXBuildFile; fileRef = 9B6962641F148B0D0078F9B2 /* LoginController.swift */; };
		9B6962671F15CD960078F9B2 /* PhotoSelectorController.swift in Sources */ = {isa = PBXBuildFile; fileRef = 9B6962661F15CD960078F9B2 /* PhotoSelectorController.swift */; };
		9B6962691F15E6530078F9B2 /* PhotoSelectorCell.swift in Sources */ = {isa = PBXBuildFile; fileRef = 9B6962681F15E6530078F9B2 /* PhotoSelectorCell.swift */; };
		9B69626C1F15FCF20078F9B2 /* PhotoSelectorHeader.swift in Sources */ = {isa = PBXBuildFile; fileRef = 9B69626B1F15FCF20078F9B2 /* PhotoSelectorHeader.swift */; };
		9B69626E1F1A3E4D0078F9B2 /* ShareController.swift in Sources */ = {isa = PBXBuildFile; fileRef = 9B69626D1F1A3E4C0078F9B2 /* ShareController.swift */; };
		9B6962701F1A75900078F9B2 /* Post.swift in Sources */ = {isa = PBXBuildFile; fileRef = 9B69626F1F1A75900078F9B2 /* Post.swift */; };
		9B6962721F1DB6B80078F9B2 /* UserProfileCell.swift in Sources */ = {isa = PBXBuildFile; fileRef = 9B6962711F1DB6B80078F9B2 /* UserProfileCell.swift */; };
		9B6962741F1DEE090078F9B2 /* CustomImageView.swift in Sources */ = {isa = PBXBuildFile; fileRef = 9B6962731F1DEE090078F9B2 /* CustomImageView.swift */; };
		9B6962771F1E31EA0078F9B2 /* HomeController.swift in Sources */ = {isa = PBXBuildFile; fileRef = 9B6962761F1E31EA0078F9B2 /* HomeController.swift */; };
		9B69627A1F1E41050078F9B2 /* HomeFeedCell.swift in Sources */ = {isa = PBXBuildFile; fileRef = 9B6962791F1E41050078F9B2 /* HomeFeedCell.swift */; };
		9B69627D1F1F81DB0078F9B2 /* SearchController.swift in Sources */ = {isa = PBXBuildFile; fileRef = 9B69627C1F1F81DB0078F9B2 /* SearchController.swift */; };
		9B6962801F1F8A550078F9B2 /* SearchCell.swift in Sources */ = {isa = PBXBuildFile; fileRef = 9B69627F1F1F8A550078F9B2 /* SearchCell.swift */; };
		9B6962831F20BB790078F9B2 /* CameraController.swift in Sources */ = {isa = PBXBuildFile; fileRef = 9B6962821F20BB790078F9B2 /* CameraController.swift */; };
		9B6962861F21A9250078F9B2 /* PreviewPhotoContainerView.swift in Sources */ = {isa = PBXBuildFile; fileRef = 9B6962851F21A9250078F9B2 /* PreviewPhotoContainerView.swift */; };
		9B6962881F21D2C10078F9B2 /* CustomTransition.swift in Sources */ = {isa = PBXBuildFile; fileRef = 9B6962871F21D2C10078F9B2 /* CustomTransition.swift */; };
		9B69628A1F23148A0078F9B2 /* CustomDismissTransition.swift in Sources */ = {isa = PBXBuildFile; fileRef = 9B6962891F23148A0078F9B2 /* CustomDismissTransition.swift */; };
		9B6962CB1F23330C0078F9B2 /* CommentsController.swift in Sources */ = {isa = PBXBuildFile; fileRef = 9B6962CA1F23330C0078F9B2 /* CommentsController.swift */; };
		E3D938AE2C38C9E699F44262 /* Pods_ClickAndShareUITests.framework in Frameworks */ = {isa = PBXBuildFile; fileRef = D0198EEC6C8BC02BD59083DD /* Pods_ClickAndShareUITests.framework */; };
		F84103F47251211C256062AF /* Pods_ClickAndShare.framework in Frameworks */ = {isa = PBXBuildFile; fileRef = 49459F813996849FA9B77CDC /* Pods_ClickAndShare.framework */; };
/* End PBXBuildFile section */

/* Begin PBXContainerItemProxy section */
		9B6962351F1241A40078F9B2 /* PBXContainerItemProxy */ = {
			isa = PBXContainerItemProxy;
			containerPortal = 9B6962151F1241A30078F9B2 /* Project object */;
			proxyType = 1;
			remoteGlobalIDString = 9B69621C1F1241A30078F9B2;
			remoteInfo = ClickAndShare;
		};
		9B6962401F1241A40078F9B2 /* PBXContainerItemProxy */ = {
			isa = PBXContainerItemProxy;
			containerPortal = 9B6962151F1241A30078F9B2 /* Project object */;
			proxyType = 1;
			remoteGlobalIDString = 9B69621C1F1241A30078F9B2;
			remoteInfo = ClickAndShare;
		};
/* End PBXContainerItemProxy section */

/* Begin PBXFileReference section */
		03247E09949DB753C10AFE0A /* Pods-ClickAndShareTests.release.xcconfig */ = {isa = PBXFileReference; includeInIndex = 1; lastKnownFileType = text.xcconfig; name = "Pods-ClickAndShareTests.release.xcconfig"; path = "Pods/Target Support Files/Pods-ClickAndShareTests/Pods-ClickAndShareTests.release.xcconfig"; sourceTree = "<group>"; };
		1104FEDFE2B8B76FB349B1B4 /* Pods-ClickAndShareTests.debug.xcconfig */ = {isa = PBXFileReference; includeInIndex = 1; lastKnownFileType = text.xcconfig; name = "Pods-ClickAndShareTests.debug.xcconfig"; path = "Pods/Target Support Files/Pods-ClickAndShareTests/Pods-ClickAndShareTests.debug.xcconfig"; sourceTree = "<group>"; };
		49459F813996849FA9B77CDC /* Pods_ClickAndShare.framework */ = {isa = PBXFileReference; explicitFileType = wrapper.framework; includeInIndex = 0; path = Pods_ClickAndShare.framework; sourceTree = BUILT_PRODUCTS_DIR; };
		9B0589AAC7861C61BEC5309B /* Pods-ClickAndShareUITests.debug.xcconfig */ = {isa = PBXFileReference; includeInIndex = 1; lastKnownFileType = text.xcconfig; name = "Pods-ClickAndShareUITests.debug.xcconfig"; path = "Pods/Target Support Files/Pods-ClickAndShareUITests/Pods-ClickAndShareUITests.debug.xcconfig"; sourceTree = "<group>"; };
		9B69621D1F1241A30078F9B2 /* ClickAndShare.app */ = {isa = PBXFileReference; explicitFileType = wrapper.application; includeInIndex = 0; path = ClickAndShare.app; sourceTree = BUILT_PRODUCTS_DIR; };
		9B6962201F1241A30078F9B2 /* AppDelegate.swift */ = {isa = PBXFileReference; lastKnownFileType = sourcecode.swift; path = AppDelegate.swift; sourceTree = "<group>"; };
		9B6962221F1241A30078F9B2 /* ViewController.swift */ = {isa = PBXFileReference; lastKnownFileType = sourcecode.swift; path = ViewController.swift; sourceTree = "<group>"; };
		9B6962251F1241A30078F9B2 /* Base */ = {isa = PBXFileReference; lastKnownFileType = file.storyboard; name = Base; path = Base.lproj/Main.storyboard; sourceTree = "<group>"; };
		9B6962281F1241A30078F9B2 /* ClickAndShare.xcdatamodel */ = {isa = PBXFileReference; lastKnownFileType = wrapper.xcdatamodel; path = ClickAndShare.xcdatamodel; sourceTree = "<group>"; };
		9B69622A1F1241A30078F9B2 /* Assets.xcassets */ = {isa = PBXFileReference; lastKnownFileType = folder.assetcatalog; path = Assets.xcassets; sourceTree = "<group>"; };
		9B69622D1F1241A30078F9B2 /* Base */ = {isa = PBXFileReference; lastKnownFileType = file.storyboard; name = Base; path = Base.lproj/LaunchScreen.storyboard; sourceTree = "<group>"; };
		9B69622F1F1241A30078F9B2 /* Info.plist */ = {isa = PBXFileReference; lastKnownFileType = text.plist.xml; path = Info.plist; sourceTree = "<group>"; };
		9B6962341F1241A40078F9B2 /* ClickAndShareTests.xctest */ = {isa = PBXFileReference; explicitFileType = wrapper.cfbundle; includeInIndex = 0; path = ClickAndShareTests.xctest; sourceTree = BUILT_PRODUCTS_DIR; };
		9B6962381F1241A40078F9B2 /* ClickAndShareTests.swift */ = {isa = PBXFileReference; lastKnownFileType = sourcecode.swift; path = ClickAndShareTests.swift; sourceTree = "<group>"; };
		9B69623A1F1241A40078F9B2 /* Info.plist */ = {isa = PBXFileReference; lastKnownFileType = text.plist.xml; path = Info.plist; sourceTree = "<group>"; };
		9B69623F1F1241A40078F9B2 /* ClickAndShareUITests.xctest */ = {isa = PBXFileReference; explicitFileType = wrapper.cfbundle; includeInIndex = 0; path = ClickAndShareUITests.xctest; sourceTree = BUILT_PRODUCTS_DIR; };
		9B6962431F1241A40078F9B2 /* ClickAndShareUITests.swift */ = {isa = PBXFileReference; lastKnownFileType = sourcecode.swift; path = ClickAndShareUITests.swift; sourceTree = "<group>"; };
		9B6962451F1241A40078F9B2 /* Info.plist */ = {isa = PBXFileReference; lastKnownFileType = text.plist.xml; path = Info.plist; sourceTree = "<group>"; };
		9B6962521F124F2C0078F9B2 /* Extensions.swift */ = {isa = PBXFileReference; fileEncoding = 4; lastKnownFileType = sourcecode.swift; path = Extensions.swift; sourceTree = "<group>"; };
		9B6962541F1257440078F9B2 /* GoogleService-Info.plist */ = {isa = PBXFileReference; fileEncoding = 4; lastKnownFileType = text.plist.xml; name = "GoogleService-Info.plist"; path = "../GoogleService-Info.plist"; sourceTree = "<group>"; };
		9B6962561F134F9A0078F9B2 /* MainTabBarController.swift */ = {isa = PBXFileReference; fileEncoding = 4; lastKnownFileType = sourcecode.swift; path = MainTabBarController.swift; sourceTree = "<group>"; };
		9B6962581F134FF10078F9B2 /* UserProfileController.swift */ = {isa = PBXFileReference; fileEncoding = 4; lastKnownFileType = sourcecode.swift; path = UserProfileController.swift; sourceTree = "<group>"; };
		9B69625E1F1359F30078F9B2 /* UserProfileHeader.swift */ = {isa = PBXFileReference; fileEncoding = 4; lastKnownFileType = sourcecode.swift; path = UserProfileHeader.swift; sourceTree = "<group>"; };
		9B6962601F136C490078F9B2 /* User.swift */ = {isa = PBXFileReference; fileEncoding = 4; lastKnownFileType = sourcecode.swift; path = User.swift; sourceTree = "<group>"; };
		9B6962641F148B0D0078F9B2 /* LoginController.swift */ = {isa = PBXFileReference; fileEncoding = 4; lastKnownFileType = sourcecode.swift; path = LoginController.swift; sourceTree = "<group>"; };
		9B6962661F15CD960078F9B2 /* PhotoSelectorController.swift */ = {isa = PBXFileReference; fileEncoding = 4; lastKnownFileType = sourcecode.swift; path = PhotoSelectorController.swift; sourceTree = "<group>"; };
		9B6962681F15E6530078F9B2 /* PhotoSelectorCell.swift */ = {isa = PBXFileReference; fileEncoding = 4; lastKnownFileType = sourcecode.swift; path = PhotoSelectorCell.swift; sourceTree = "<group>"; };
		9B69626B1F15FCF20078F9B2 /* PhotoSelectorHeader.swift */ = {isa = PBXFileReference; fileEncoding = 4; lastKnownFileType = sourcecode.swift; path = PhotoSelectorHeader.swift; sourceTree = "<group>"; };
		9B69626D1F1A3E4C0078F9B2 /* ShareController.swift */ = {isa = PBXFileReference; fileEncoding = 4; lastKnownFileType = sourcecode.swift; path = ShareController.swift; sourceTree = "<group>"; };
		9B69626F1F1A75900078F9B2 /* Post.swift */ = {isa = PBXFileReference; fileEncoding = 4; lastKnownFileType = sourcecode.swift; path = Post.swift; sourceTree = "<group>"; };
		9B6962711F1DB6B80078F9B2 /* UserProfileCell.swift */ = {isa = PBXFileReference; fileEncoding = 4; lastKnownFileType = sourcecode.swift; path = UserProfileCell.swift; sourceTree = "<group>"; };
		9B6962731F1DEE090078F9B2 /* CustomImageView.swift */ = {isa = PBXFileReference; fileEncoding = 4; lastKnownFileType = sourcecode.swift; path = CustomImageView.swift; sourceTree = "<group>"; };
		9B6962761F1E31EA0078F9B2 /* HomeController.swift */ = {isa = PBXFileReference; fileEncoding = 4; lastKnownFileType = sourcecode.swift; path = HomeController.swift; sourceTree = "<group>"; };
		9B6962791F1E41050078F9B2 /* HomeFeedCell.swift */ = {isa = PBXFileReference; fileEncoding = 4; lastKnownFileType = sourcecode.swift; path = HomeFeedCell.swift; sourceTree = "<group>"; };
		9B69627C1F1F81DB0078F9B2 /* SearchController.swift */ = {isa = PBXFileReference; fileEncoding = 4; lastKnownFileType = sourcecode.swift; path = SearchController.swift; sourceTree = "<group>"; };
		9B69627F1F1F8A550078F9B2 /* SearchCell.swift */ = {isa = PBXFileReference; fileEncoding = 4; lastKnownFileType = sourcecode.swift; path = SearchCell.swift; sourceTree = "<group>"; };
		9B6962821F20BB790078F9B2 /* CameraController.swift */ = {isa = PBXFileReference; fileEncoding = 4; lastKnownFileType = sourcecode.swift; path = CameraController.swift; sourceTree = "<group>"; };
		9B6962851F21A9250078F9B2 /* PreviewPhotoContainerView.swift */ = {isa = PBXFileReference; fileEncoding = 4; lastKnownFileType = sourcecode.swift; path = PreviewPhotoContainerView.swift; sourceTree = "<group>"; };
		9B6962871F21D2C10078F9B2 /* CustomTransition.swift */ = {isa = PBXFileReference; fileEncoding = 4; lastKnownFileType = sourcecode.swift; path = CustomTransition.swift; sourceTree = "<group>"; };
		9B6962891F23148A0078F9B2 /* CustomDismissTransition.swift */ = {isa = PBXFileReference; fileEncoding = 4; lastKnownFileType = sourcecode.swift; path = CustomDismissTransition.swift; sourceTree = "<group>"; };
		9B6962CA1F23330C0078F9B2 /* CommentsController.swift */ = {isa = PBXFileReference; fileEncoding = 4; lastKnownFileType = sourcecode.swift; path = CommentsController.swift; sourceTree = "<group>"; };
		B7975A9D9CD5DE20B8FBD400 /* Pods-ClickAndShare.debug.xcconfig */ = {isa = PBXFileReference; includeInIndex = 1; lastKnownFileType = text.xcconfig; name = "Pods-ClickAndShare.debug.xcconfig"; path = "Pods/Target Support Files/Pods-ClickAndShare/Pods-ClickAndShare.debug.xcconfig"; sourceTree = "<group>"; };
		B8B08BEBE42413AAC8A37808 /* Pods-ClickAndShareUITests.release.xcconfig */ = {isa = PBXFileReference; includeInIndex = 1; lastKnownFileType = text.xcconfig; name = "Pods-ClickAndShareUITests.release.xcconfig"; path = "Pods/Target Support Files/Pods-ClickAndShareUITests/Pods-ClickAndShareUITests.release.xcconfig"; sourceTree = "<group>"; };
		C473CB6D2436D98FF04F4BAE /* Pods-ClickAndShare.release.xcconfig */ = {isa = PBXFileReference; includeInIndex = 1; lastKnownFileType = text.xcconfig; name = "Pods-ClickAndShare.release.xcconfig"; path = "Pods/Target Support Files/Pods-ClickAndShare/Pods-ClickAndShare.release.xcconfig"; sourceTree = "<group>"; };
		D0198EEC6C8BC02BD59083DD /* Pods_ClickAndShareUITests.framework */ = {isa = PBXFileReference; explicitFileType = wrapper.framework; includeInIndex = 0; path = Pods_ClickAndShareUITests.framework; sourceTree = BUILT_PRODUCTS_DIR; };
		EBF51CECF159202217624EE8 /* Pods_ClickAndShareTests.framework */ = {isa = PBXFileReference; explicitFileType = wrapper.framework; includeInIndex = 0; path = Pods_ClickAndShareTests.framework; sourceTree = BUILT_PRODUCTS_DIR; };
/* End PBXFileReference section */

/* Begin PBXFrameworksBuildPhase section */
		9B69621A1F1241A30078F9B2 /* Frameworks */ = {
			isa = PBXFrameworksBuildPhase;
			buildActionMask = 2147483647;
			files = (
				F84103F47251211C256062AF /* Pods_ClickAndShare.framework in Frameworks */,
			);
			runOnlyForDeploymentPostprocessing = 0;
		};
		9B6962311F1241A40078F9B2 /* Frameworks */ = {
			isa = PBXFrameworksBuildPhase;
			buildActionMask = 2147483647;
			files = (
				29B0C56862103499920D8D7A /* Pods_ClickAndShareTests.framework in Frameworks */,
			);
			runOnlyForDeploymentPostprocessing = 0;
		};
		9B69623C1F1241A40078F9B2 /* Frameworks */ = {
			isa = PBXFrameworksBuildPhase;
			buildActionMask = 2147483647;
			files = (
				E3D938AE2C38C9E699F44262 /* Pods_ClickAndShareUITests.framework in Frameworks */,
			);
			runOnlyForDeploymentPostprocessing = 0;
		};
/* End PBXFrameworksBuildPhase section */

/* Begin PBXGroup section */
		453CC8F00EE2E1B49364A1FA /* Pods */ = {
			isa = PBXGroup;
			children = (
				B7975A9D9CD5DE20B8FBD400 /* Pods-ClickAndShare.debug.xcconfig */,
				C473CB6D2436D98FF04F4BAE /* Pods-ClickAndShare.release.xcconfig */,
				1104FEDFE2B8B76FB349B1B4 /* Pods-ClickAndShareTests.debug.xcconfig */,
				03247E09949DB753C10AFE0A /* Pods-ClickAndShareTests.release.xcconfig */,
				9B0589AAC7861C61BEC5309B /* Pods-ClickAndShareUITests.debug.xcconfig */,
				B8B08BEBE42413AAC8A37808 /* Pods-ClickAndShareUITests.release.xcconfig */,
			);
			name = Pods;
			sourceTree = "<group>";
		};
		9B6962141F1241A30078F9B2 = {
			isa = PBXGroup;
			children = (
				9B69621F1F1241A30078F9B2 /* ClickAndShare */,
				9B6962371F1241A40078F9B2 /* ClickAndShareTests */,
				9B6962421F1241A40078F9B2 /* ClickAndShareUITests */,
				9B69621E1F1241A30078F9B2 /* Products */,
				453CC8F00EE2E1B49364A1FA /* Pods */,
				B51D046E8D52F76EDC1F3C62 /* Frameworks */,
			);
			sourceTree = "<group>";
		};
		9B69621E1F1241A30078F9B2 /* Products */ = {
			isa = PBXGroup;
			children = (
				9B69621D1F1241A30078F9B2 /* ClickAndShare.app */,
				9B6962341F1241A40078F9B2 /* ClickAndShareTests.xctest */,
				9B69623F1F1241A40078F9B2 /* ClickAndShareUITests.xctest */,
			);
			name = Products;
			sourceTree = "<group>";
		};
		9B69621F1F1241A30078F9B2 /* ClickAndShare */ = {
			isa = PBXGroup;
			children = (
				9B69625D1F1359750078F9B2 /* Supporting Files */,
				9B69625C1F1359690078F9B2 /* Model */,
				9B69625B1F13595E0078F9B2 /* View */,
				9B69625A1F1359510078F9B2 /* Controllers */,
				9B6962511F124EB80078F9B2 /* Extensions */,
				9B6962271F1241A30078F9B2 /* ClickAndShare.xcdatamodeld */,
			);
			path = ClickAndShare;
			sourceTree = "<group>";
		};
		9B6962371F1241A40078F9B2 /* ClickAndShareTests */ = {
			isa = PBXGroup;
			children = (
				9B6962381F1241A40078F9B2 /* ClickAndShareTests.swift */,
				9B69623A1F1241A40078F9B2 /* Info.plist */,
			);
			path = ClickAndShareTests;
			sourceTree = "<group>";
		};
		9B6962421F1241A40078F9B2 /* ClickAndShareUITests */ = {
			isa = PBXGroup;
			children = (
				9B6962431F1241A40078F9B2 /* ClickAndShareUITests.swift */,
				9B6962451F1241A40078F9B2 /* Info.plist */,
			);
			path = ClickAndShareUITests;
			sourceTree = "<group>";
		};
		9B6962511F124EB80078F9B2 /* Extensions */ = {
			isa = PBXGroup;
			children = (
				9B6962731F1DEE090078F9B2 /* CustomImageView.swift */,
				9B6962521F124F2C0078F9B2 /* Extensions.swift */,
			);
			name = Extensions;
			sourceTree = "<group>";
		};
		9B69625A1F1359510078F9B2 /* Controllers */ = {
			isa = PBXGroup;
			children = (
				9B69626D1F1A3E4C0078F9B2 /* ShareController.swift */,
				9B6962631F148AF10078F9B2 /* Login */,
				9B69627B1F1F81C10078F9B2 /* Tab bar Controllers */,
				9B6962841F20BB800078F9B2 /* Camera */,
				9B6962CC1F23334A0078F9B2 /* Comment */,
			);
			name = Controllers;
			sourceTree = "<group>";
		};
		9B69625B1F13595E0078F9B2 /* View */ = {
			isa = PBXGroup;
			children = (
				9B6962621F13A45E0078F9B2 /* Storyboards */,
				9B69626A1F15E6630078F9B2 /* Custom Cells */,
			);
			name = View;
			sourceTree = "<group>";
		};
		9B69625C1F1359690078F9B2 /* Model */ = {
			isa = PBXGroup;
			children = (
				9B6962601F136C490078F9B2 /* User.swift */,
				9B69626F1F1A75900078F9B2 /* Post.swift */,
			);
			name = Model;
			sourceTree = "<group>";
		};
		9B69625D1F1359750078F9B2 /* Supporting Files */ = {
			isa = PBXGroup;
			children = (
				9B69622F1F1241A30078F9B2 /* Info.plist */,
				9B6962541F1257440078F9B2 /* GoogleService-Info.plist */,
				9B6962201F1241A30078F9B2 /* AppDelegate.swift */,
				9B69622A1F1241A30078F9B2 /* Assets.xcassets */,
			);
			name = "Supporting Files";
			sourceTree = "<group>";
		};
		9B6962621F13A45E0078F9B2 /* Storyboards */ = {
			isa = PBXGroup;
			children = (
				9B6962241F1241A30078F9B2 /* Main.storyboard */,
				9B69622C1F1241A30078F9B2 /* LaunchScreen.storyboard */,
			);
			name = Storyboards;
			sourceTree = "<group>";
		};
		9B6962631F148AF10078F9B2 /* Login */ = {
			isa = PBXGroup;
			children = (
				9B6962221F1241A30078F9B2 /* ViewController.swift */,
				9B6962641F148B0D0078F9B2 /* LoginController.swift */,
			);
			name = Login;
			sourceTree = "<group>";
		};
		9B69626A1F15E6630078F9B2 /* Custom Cells */ = {
			isa = PBXGroup;
			children = (
				9B6962751F1E2E1F0078F9B2 /* User Profile */,
				9B6962781F1E3F700078F9B2 /* PhotoSelector */,
				9B69627E1F1F8A3F0078F9B2 /* HomeFeed */,
				9B6962811F1F8A950078F9B2 /* SearchFeed */,
			);
			name = "Custom Cells";
			sourceTree = "<group>";
		};
		9B6962751F1E2E1F0078F9B2 /* User Profile */ = {
			isa = PBXGroup;
			children = (
				9B69625E1F1359F30078F9B2 /* UserProfileHeader.swift */,
				9B6962711F1DB6B80078F9B2 /* UserProfileCell.swift */,
			);
			name = "User Profile";
			sourceTree = "<group>";
		};
		9B6962781F1E3F700078F9B2 /* PhotoSelector */ = {
			isa = PBXGroup;
			children = (
				9B6962681F15E6530078F9B2 /* PhotoSelectorCell.swift */,
				9B69626B1F15FCF20078F9B2 /* PhotoSelectorHeader.swift */,
			);
			name = PhotoSelector;
			sourceTree = "<group>";
		};
		9B69627B1F1F81C10078F9B2 /* Tab bar Controllers */ = {
			isa = PBXGroup;
			children = (
				9B6962561F134F9A0078F9B2 /* MainTabBarController.swift */,
				9B6962761F1E31EA0078F9B2 /* HomeController.swift */,
				9B6962661F15CD960078F9B2 /* PhotoSelectorController.swift */,
				9B6962581F134FF10078F9B2 /* UserProfileController.swift */,
				9B69627C1F1F81DB0078F9B2 /* SearchController.swift */,
			);
			name = "Tab bar Controllers";
			sourceTree = "<group>";
		};
		9B69627E1F1F8A3F0078F9B2 /* HomeFeed */ = {
			isa = PBXGroup;
			children = (
				9B6962791F1E41050078F9B2 /* HomeFeedCell.swift */,
			);
			name = HomeFeed;
			sourceTree = "<group>";
		};
		9B6962811F1F8A950078F9B2 /* SearchFeed */ = {
			isa = PBXGroup;
			children = (
				9B69627F1F1F8A550078F9B2 /* SearchCell.swift */,
			);
			name = SearchFeed;
			sourceTree = "<group>";
		};
		9B6962841F20BB800078F9B2 /* Camera */ = {
			isa = PBXGroup;
			children = (
				9B6962821F20BB790078F9B2 /* CameraController.swift */,
				9B6962851F21A9250078F9B2 /* PreviewPhotoContainerView.swift */,
				9B6962871F21D2C10078F9B2 /* CustomTransition.swift */,
				9B6962891F23148A0078F9B2 /* CustomDismissTransition.swift */,
			);
			name = Camera;
			sourceTree = "<group>";
		};
		9B6962CC1F23334A0078F9B2 /* Comment */ = {
			isa = PBXGroup;
			children = (
				9B6962CA1F23330C0078F9B2 /* CommentsController.swift */,
			);
			name = Comment;
			sourceTree = "<group>";
		};
		B51D046E8D52F76EDC1F3C62 /* Frameworks */ = {
			isa = PBXGroup;
			children = (
				49459F813996849FA9B77CDC /* Pods_ClickAndShare.framework */,
				EBF51CECF159202217624EE8 /* Pods_ClickAndShareTests.framework */,
				D0198EEC6C8BC02BD59083DD /* Pods_ClickAndShareUITests.framework */,
			);
			name = Frameworks;
			sourceTree = "<group>";
		};
/* End PBXGroup section */

/* Begin PBXNativeTarget section */
		9B69621C1F1241A30078F9B2 /* ClickAndShare */ = {
			isa = PBXNativeTarget;
			buildConfigurationList = 9B6962481F1241A40078F9B2 /* Build configuration list for PBXNativeTarget "ClickAndShare" */;
			buildPhases = (
				887BDA273DF5F8C6E6F33EC3 /* [CP] Check Pods Manifest.lock */,
				9B6962191F1241A30078F9B2 /* Sources */,
				9B69621A1F1241A30078F9B2 /* Frameworks */,
				9B69621B1F1241A30078F9B2 /* Resources */,
				48215B609CE74CC06C7A4EDA /* [CP] Embed Pods Frameworks */,
				BE4918C80F36FDFF04600507 /* [CP] Copy Pods Resources */,
			);
			buildRules = (
			);
			dependencies = (
			);
			name = ClickAndShare;
			productName = ClickAndShare;
			productReference = 9B69621D1F1241A30078F9B2 /* ClickAndShare.app */;
			productType = "com.apple.product-type.application";
		};
		9B6962331F1241A40078F9B2 /* ClickAndShareTests */ = {
			isa = PBXNativeTarget;
			buildConfigurationList = 9B69624B1F1241A40078F9B2 /* Build configuration list for PBXNativeTarget "ClickAndShareTests" */;
			buildPhases = (
				9B21AB9B957E13B112025942 /* [CP] Check Pods Manifest.lock */,
				9B6962301F1241A40078F9B2 /* Sources */,
				9B6962311F1241A40078F9B2 /* Frameworks */,
				9B6962321F1241A40078F9B2 /* Resources */,
				04AC401555DDC787000220D9 /* [CP] Embed Pods Frameworks */,
				264CCD2A8C94EBF745EFCEDA /* [CP] Copy Pods Resources */,
			);
			buildRules = (
			);
			dependencies = (
				9B6962361F1241A40078F9B2 /* PBXTargetDependency */,
			);
			name = ClickAndShareTests;
			productName = ClickAndShareTests;
			productReference = 9B6962341F1241A40078F9B2 /* ClickAndShareTests.xctest */;
			productType = "com.apple.product-type.bundle.unit-test";
		};
		9B69623E1F1241A40078F9B2 /* ClickAndShareUITests */ = {
			isa = PBXNativeTarget;
			buildConfigurationList = 9B69624E1F1241A40078F9B2 /* Build configuration list for PBXNativeTarget "ClickAndShareUITests" */;
			buildPhases = (
				1B15FC5797916DF0C565FB91 /* [CP] Check Pods Manifest.lock */,
				9B69623B1F1241A40078F9B2 /* Sources */,
				9B69623C1F1241A40078F9B2 /* Frameworks */,
				9B69623D1F1241A40078F9B2 /* Resources */,
				776EFE598F384204C7844D25 /* [CP] Embed Pods Frameworks */,
				1AD90AAB08F8564C08312D36 /* [CP] Copy Pods Resources */,
			);
			buildRules = (
			);
			dependencies = (
				9B6962411F1241A40078F9B2 /* PBXTargetDependency */,
			);
			name = ClickAndShareUITests;
			productName = ClickAndShareUITests;
			productReference = 9B69623F1F1241A40078F9B2 /* ClickAndShareUITests.xctest */;
			productType = "com.apple.product-type.bundle.ui-testing";
		};
/* End PBXNativeTarget section */

/* Begin PBXProject section */
		9B6962151F1241A30078F9B2 /* Project object */ = {
			isa = PBXProject;
			attributes = {
				LastSwiftUpdateCheck = 0830;
				LastUpgradeCheck = 0830;
				ORGANIZATIONNAME = Madhusudhan;
				TargetAttributes = {
					9B69621C1F1241A30078F9B2 = {
						CreatedOnToolsVersion = 8.3.2;
						DevelopmentTeam = LXKYY3Z6TA;
						ProvisioningStyle = Automatic;
					};
					9B6962331F1241A40078F9B2 = {
						CreatedOnToolsVersion = 8.3.2;
						DevelopmentTeam = LXKYY3Z6TA;
						ProvisioningStyle = Automatic;
						TestTargetID = 9B69621C1F1241A30078F9B2;
					};
					9B69623E1F1241A40078F9B2 = {
						CreatedOnToolsVersion = 8.3.2;
						DevelopmentTeam = LXKYY3Z6TA;
						ProvisioningStyle = Automatic;
						TestTargetID = 9B69621C1F1241A30078F9B2;
					};
				};
			};
			buildConfigurationList = 9B6962181F1241A30078F9B2 /* Build configuration list for PBXProject "ClickAndShare" */;
			compatibilityVersion = "Xcode 3.2";
			developmentRegion = English;
			hasScannedForEncodings = 0;
			knownRegions = (
				en,
				Base,
			);
			mainGroup = 9B6962141F1241A30078F9B2;
			productRefGroup = 9B69621E1F1241A30078F9B2 /* Products */;
			projectDirPath = "";
			projectRoot = "";
			targets = (
				9B69621C1F1241A30078F9B2 /* ClickAndShare */,
				9B6962331F1241A40078F9B2 /* ClickAndShareTests */,
				9B69623E1F1241A40078F9B2 /* ClickAndShareUITests */,
			);
		};
/* End PBXProject section */

/* Begin PBXResourcesBuildPhase section */
		9B69621B1F1241A30078F9B2 /* Resources */ = {
			isa = PBXResourcesBuildPhase;
			buildActionMask = 2147483647;
			files = (
				9B69622E1F1241A30078F9B2 /* LaunchScreen.storyboard in Resources */,
				9B6962551F1257440078F9B2 /* GoogleService-Info.plist in Resources */,
				9B69622B1F1241A30078F9B2 /* Assets.xcassets in Resources */,
				9B6962261F1241A30078F9B2 /* Main.storyboard in Resources */,
			);
			runOnlyForDeploymentPostprocessing = 0;
		};
		9B6962321F1241A40078F9B2 /* Resources */ = {
			isa = PBXResourcesBuildPhase;
			buildActionMask = 2147483647;
			files = (
			);
			runOnlyForDeploymentPostprocessing = 0;
		};
		9B69623D1F1241A40078F9B2 /* Resources */ = {
			isa = PBXResourcesBuildPhase;
			buildActionMask = 2147483647;
			files = (
			);
			runOnlyForDeploymentPostprocessing = 0;
		};
/* End PBXResourcesBuildPhase section */

/* Begin PBXShellScriptBuildPhase section */
		04AC401555DDC787000220D9 /* [CP] Embed Pods Frameworks */ = {
			isa = PBXShellScriptBuildPhase;
			buildActionMask = 2147483647;
			files = (
			);
			inputPaths = (
			);
			name = "[CP] Embed Pods Frameworks";
			outputPaths = (
			);
			runOnlyForDeploymentPostprocessing = 0;
			shellPath = /bin/sh;
			shellScript = "\"${SRCROOT}/Pods/Target Support Files/Pods-ClickAndShareTests/Pods-ClickAndShareTests-frameworks.sh\"\n";
			showEnvVarsInLog = 0;
		};
		1AD90AAB08F8564C08312D36 /* [CP] Copy Pods Resources */ = {
			isa = PBXShellScriptBuildPhase;
			buildActionMask = 2147483647;
			files = (
			);
			inputPaths = (
			);
			name = "[CP] Copy Pods Resources";
			outputPaths = (
			);
			runOnlyForDeploymentPostprocessing = 0;
			shellPath = /bin/sh;
			shellScript = "\"${SRCROOT}/Pods/Target Support Files/Pods-ClickAndShareUITests/Pods-ClickAndShareUITests-resources.sh\"\n";
			showEnvVarsInLog = 0;
		};
		1B15FC5797916DF0C565FB91 /* [CP] Check Pods Manifest.lock */ = {
			isa = PBXShellScriptBuildPhase;
			buildActionMask = 2147483647;
			files = (
			);
			inputPaths = (
			);
			name = "[CP] Check Pods Manifest.lock";
			outputPaths = (
			);
			runOnlyForDeploymentPostprocessing = 0;
			shellPath = /bin/sh;
			shellScript = "diff \"${PODS_PODFILE_DIR_PATH}/Podfile.lock\" \"${PODS_ROOT}/Manifest.lock\" > /dev/null\nif [ $? != 0 ] ; then\n    # print error to STDERR\n    echo \"error: The sandbox is not in sync with the Podfile.lock. Run 'pod install' or update your CocoaPods installation.\" >&2\n    exit 1\nfi\n";
			showEnvVarsInLog = 0;
		};
		264CCD2A8C94EBF745EFCEDA /* [CP] Copy Pods Resources */ = {
			isa = PBXShellScriptBuildPhase;
			buildActionMask = 2147483647;
			files = (
			);
			inputPaths = (
			);
			name = "[CP] Copy Pods Resources";
			outputPaths = (
			);
			runOnlyForDeploymentPostprocessing = 0;
			shellPath = /bin/sh;
			shellScript = "\"${SRCROOT}/Pods/Target Support Files/Pods-ClickAndShareTests/Pods-ClickAndShareTests-resources.sh\"\n";
			showEnvVarsInLog = 0;
		};
		48215B609CE74CC06C7A4EDA /* [CP] Embed Pods Frameworks */ = {
			isa = PBXShellScriptBuildPhase;
			buildActionMask = 2147483647;
			files = (
			);
			inputPaths = (
			);
			name = "[CP] Embed Pods Frameworks";
			outputPaths = (
			);
			runOnlyForDeploymentPostprocessing = 0;
			shellPath = /bin/sh;
			shellScript = "\"${SRCROOT}/Pods/Target Support Files/Pods-ClickAndShare/Pods-ClickAndShare-frameworks.sh\"\n";
			showEnvVarsInLog = 0;
		};
		776EFE598F384204C7844D25 /* [CP] Embed Pods Frameworks */ = {
			isa = PBXShellScriptBuildPhase;
			buildActionMask = 2147483647;
			files = (
			);
			inputPaths = (
			);
			name = "[CP] Embed Pods Frameworks";
			outputPaths = (
			);
			runOnlyForDeploymentPostprocessing = 0;
			shellPath = /bin/sh;
			shellScript = "\"${SRCROOT}/Pods/Target Support Files/Pods-ClickAndShareUITests/Pods-ClickAndShareUITests-frameworks.sh\"\n";
			showEnvVarsInLog = 0;
		};
		887BDA273DF5F8C6E6F33EC3 /* [CP] Check Pods Manifest.lock */ = {
			isa = PBXShellScriptBuildPhase;
			buildActionMask = 2147483647;
			files = (
			);
			inputPaths = (
			);
			name = "[CP] Check Pods Manifest.lock";
			outputPaths = (
			);
			runOnlyForDeploymentPostprocessing = 0;
			shellPath = /bin/sh;
			shellScript = "diff \"${PODS_PODFILE_DIR_PATH}/Podfile.lock\" \"${PODS_ROOT}/Manifest.lock\" > /dev/null\nif [ $? != 0 ] ; then\n    # print error to STDERR\n    echo \"error: The sandbox is not in sync with the Podfile.lock. Run 'pod install' or update your CocoaPods installation.\" >&2\n    exit 1\nfi\n";
			showEnvVarsInLog = 0;
		};
		9B21AB9B957E13B112025942 /* [CP] Check Pods Manifest.lock */ = {
			isa = PBXShellScriptBuildPhase;
			buildActionMask = 2147483647;
			files = (
			);
			inputPaths = (
			);
			name = "[CP] Check Pods Manifest.lock";
			outputPaths = (
			);
			runOnlyForDeploymentPostprocessing = 0;
			shellPath = /bin/sh;
			shellScript = "diff \"${PODS_PODFILE_DIR_PATH}/Podfile.lock\" \"${PODS_ROOT}/Manifest.lock\" > /dev/null\nif [ $? != 0 ] ; then\n    # print error to STDERR\n    echo \"error: The sandbox is not in sync with the Podfile.lock. Run 'pod install' or update your CocoaPods installation.\" >&2\n    exit 1\nfi\n";
			showEnvVarsInLog = 0;
		};
		BE4918C80F36FDFF04600507 /* [CP] Copy Pods Resources */ = {
			isa = PBXShellScriptBuildPhase;
			buildActionMask = 2147483647;
			files = (
			);
			inputPaths = (
			);
			name = "[CP] Copy Pods Resources";
			outputPaths = (
			);
			runOnlyForDeploymentPostprocessing = 0;
			shellPath = /bin/sh;
			shellScript = "\"${SRCROOT}/Pods/Target Support Files/Pods-ClickAndShare/Pods-ClickAndShare-resources.sh\"\n";
			showEnvVarsInLog = 0;
		};
/* End PBXShellScriptBuildPhase section */

/* Begin PBXSourcesBuildPhase section */
		9B6962191F1241A30078F9B2 /* Sources */ = {
			isa = PBXSourcesBuildPhase;
			buildActionMask = 2147483647;
			files = (
				9B69626C1F15FCF20078F9B2 /* PhotoSelectorHeader.swift in Sources */,
				9B6962801F1F8A550078F9B2 /* SearchCell.swift in Sources */,
				9B6962721F1DB6B80078F9B2 /* UserProfileCell.swift in Sources */,
				9B69627D1F1F81DB0078F9B2 /* SearchController.swift in Sources */,
				9B6962691F15E6530078F9B2 /* PhotoSelectorCell.swift in Sources */,
				9B6962291F1241A30078F9B2 /* ClickAndShare.xcdatamodeld in Sources */,
				9B69625F1F1359F30078F9B2 /* UserProfileHeader.swift in Sources */,
				9B6962231F1241A30078F9B2 /* ViewController.swift in Sources */,
				9B6962701F1A75900078F9B2 /* Post.swift in Sources */,
				9B6962831F20BB790078F9B2 /* CameraController.swift in Sources */,
				9B6962591F134FF10078F9B2 /* UserProfileController.swift in Sources */,
				9B6962771F1E31EA0078F9B2 /* HomeController.swift in Sources */,
				9B6962651F148B0D0078F9B2 /* LoginController.swift in Sources */,
				9B69627A1F1E41050078F9B2 /* HomeFeedCell.swift in Sources */,
				9B6962741F1DEE090078F9B2 /* CustomImageView.swift in Sources */,
				9B6962611F136C490078F9B2 /* User.swift in Sources */,
				9B6962861F21A9250078F9B2 /* PreviewPhotoContainerView.swift in Sources */,
				9B6962571F134F9A0078F9B2 /* MainTabBarController.swift in Sources */,
				9B69628A1F23148A0078F9B2 /* CustomDismissTransition.swift in Sources */,
				9B6962211F1241A30078F9B2 /* AppDelegate.swift in Sources */,
				9B6962881F21D2C10078F9B2 /* CustomTransition.swift in Sources */,
				9B6962531F124F2C0078F9B2 /* Extensions.swift in Sources */,
				9B6962CB1F23330C0078F9B2 /* CommentsController.swift in Sources */,
				9B69626E1F1A3E4D0078F9B2 /* ShareController.swift in Sources */,
				9B6962671F15CD960078F9B2 /* PhotoSelectorController.swift in Sources */,
			);
			runOnlyForDeploymentPostprocessing = 0;
		};
		9B6962301F1241A40078F9B2 /* Sources */ = {
			isa = PBXSourcesBuildPhase;
			buildActionMask = 2147483647;
			files = (
				9B6962391F1241A40078F9B2 /* ClickAndShareTests.swift in Sources */,
			);
			runOnlyForDeploymentPostprocessing = 0;
		};
		9B69623B1F1241A40078F9B2 /* Sources */ = {
			isa = PBXSourcesBuildPhase;
			buildActionMask = 2147483647;
			files = (
				9B6962441F1241A40078F9B2 /* ClickAndShareUITests.swift in Sources */,
			);
			runOnlyForDeploymentPostprocessing = 0;
		};
/* End PBXSourcesBuildPhase section */

/* Begin PBXTargetDependency section */
		9B6962361F1241A40078F9B2 /* PBXTargetDependency */ = {
			isa = PBXTargetDependency;
			target = 9B69621C1F1241A30078F9B2 /* ClickAndShare */;
			targetProxy = 9B6962351F1241A40078F9B2 /* PBXContainerItemProxy */;
		};
		9B6962411F1241A40078F9B2 /* PBXTargetDependency */ = {
			isa = PBXTargetDependency;
			target = 9B69621C1F1241A30078F9B2 /* ClickAndShare */;
			targetProxy = 9B6962401F1241A40078F9B2 /* PBXContainerItemProxy */;
		};
/* End PBXTargetDependency section */

/* Begin PBXVariantGroup section */
		9B6962241F1241A30078F9B2 /* Main.storyboard */ = {
			isa = PBXVariantGroup;
			children = (
				9B6962251F1241A30078F9B2 /* Base */,
			);
			name = Main.storyboard;
			sourceTree = "<group>";
		};
		9B69622C1F1241A30078F9B2 /* LaunchScreen.storyboard */ = {
			isa = PBXVariantGroup;
			children = (
				9B69622D1F1241A30078F9B2 /* Base */,
			);
			name = LaunchScreen.storyboard;
			sourceTree = "<group>";
		};
/* End PBXVariantGroup section */

/* Begin XCBuildConfiguration section */
		9B6962461F1241A40078F9B2 /* Debug */ = {
			isa = XCBuildConfiguration;
			buildSettings = {
				ALWAYS_SEARCH_USER_PATHS = NO;
				CLANG_ANALYZER_NONNULL = YES;
				CLANG_ANALYZER_NUMBER_OBJECT_CONVERSION = YES_AGGRESSIVE;
				CLANG_CXX_LANGUAGE_STANDARD = "gnu++0x";
				CLANG_CXX_LIBRARY = "libc++";
				CLANG_ENABLE_MODULES = YES;
				CLANG_ENABLE_OBJC_ARC = YES;
				CLANG_WARN_BOOL_CONVERSION = YES;
				CLANG_WARN_CONSTANT_CONVERSION = YES;
				CLANG_WARN_DIRECT_OBJC_ISA_USAGE = YES_ERROR;
				CLANG_WARN_DOCUMENTATION_COMMENTS = YES;
				CLANG_WARN_EMPTY_BODY = YES;
				CLANG_WARN_ENUM_CONVERSION = YES;
				CLANG_WARN_INFINITE_RECURSION = YES;
				CLANG_WARN_INT_CONVERSION = YES;
				CLANG_WARN_OBJC_ROOT_CLASS = YES_ERROR;
				CLANG_WARN_SUSPICIOUS_MOVE = YES;
				CLANG_WARN_UNREACHABLE_CODE = YES;
				CLANG_WARN__DUPLICATE_METHOD_MATCH = YES;
				"CODE_SIGN_IDENTITY[sdk=iphoneos*]" = "iPhone Developer";
				COPY_PHASE_STRIP = NO;
				DEBUG_INFORMATION_FORMAT = dwarf;
				ENABLE_STRICT_OBJC_MSGSEND = YES;
				ENABLE_TESTABILITY = YES;
				GCC_C_LANGUAGE_STANDARD = gnu99;
				GCC_DYNAMIC_NO_PIC = NO;
				GCC_NO_COMMON_BLOCKS = YES;
				GCC_OPTIMIZATION_LEVEL = 0;
				GCC_PREPROCESSOR_DEFINITIONS = (
					"DEBUG=1",
					"$(inherited)",
				);
				GCC_WARN_64_TO_32_BIT_CONVERSION = YES;
				GCC_WARN_ABOUT_RETURN_TYPE = YES_ERROR;
				GCC_WARN_UNDECLARED_SELECTOR = YES;
				GCC_WARN_UNINITIALIZED_AUTOS = YES_AGGRESSIVE;
				GCC_WARN_UNUSED_FUNCTION = YES;
				GCC_WARN_UNUSED_VARIABLE = YES;
				IPHONEOS_DEPLOYMENT_TARGET = 10.3;
				MTL_ENABLE_DEBUG_INFO = YES;
				ONLY_ACTIVE_ARCH = YES;
				SDKROOT = iphoneos;
				SWIFT_ACTIVE_COMPILATION_CONDITIONS = DEBUG;
				SWIFT_OPTIMIZATION_LEVEL = "-Onone";
				TARGETED_DEVICE_FAMILY = "1,2";
			};
			name = Debug;
		};
		9B6962471F1241A40078F9B2 /* Release */ = {
			isa = XCBuildConfiguration;
			buildSettings = {
				ALWAYS_SEARCH_USER_PATHS = NO;
				CLANG_ANALYZER_NONNULL = YES;
				CLANG_ANALYZER_NUMBER_OBJECT_CONVERSION = YES_AGGRESSIVE;
				CLANG_CXX_LANGUAGE_STANDARD = "gnu++0x";
				CLANG_CXX_LIBRARY = "libc++";
				CLANG_ENABLE_MODULES = YES;
				CLANG_ENABLE_OBJC_ARC = YES;
				CLANG_WARN_BOOL_CONVERSION = YES;
				CLANG_WARN_CONSTANT_CONVERSION = YES;
				CLANG_WARN_DIRECT_OBJC_ISA_USAGE = YES_ERROR;
				CLANG_WARN_DOCUMENTATION_COMMENTS = YES;
				CLANG_WARN_EMPTY_BODY = YES;
				CLANG_WARN_ENUM_CONVERSION = YES;
				CLANG_WARN_INFINITE_RECURSION = YES;
				CLANG_WARN_INT_CONVERSION = YES;
				CLANG_WARN_OBJC_ROOT_CLASS = YES_ERROR;
				CLANG_WARN_SUSPICIOUS_MOVE = YES;
				CLANG_WARN_UNREACHABLE_CODE = YES;
				CLANG_WARN__DUPLICATE_METHOD_MATCH = YES;
				"CODE_SIGN_IDENTITY[sdk=iphoneos*]" = "iPhone Developer";
				COPY_PHASE_STRIP = NO;
				DEBUG_INFORMATION_FORMAT = "dwarf-with-dsym";
				ENABLE_NS_ASSERTIONS = NO;
				ENABLE_STRICT_OBJC_MSGSEND = YES;
				GCC_C_LANGUAGE_STANDARD = gnu99;
				GCC_NO_COMMON_BLOCKS = YES;
				GCC_WARN_64_TO_32_BIT_CONVERSION = YES;
				GCC_WARN_ABOUT_RETURN_TYPE = YES_ERROR;
				GCC_WARN_UNDECLARED_SELECTOR = YES;
				GCC_WARN_UNINITIALIZED_AUTOS = YES_AGGRESSIVE;
				GCC_WARN_UNUSED_FUNCTION = YES;
				GCC_WARN_UNUSED_VARIABLE = YES;
				IPHONEOS_DEPLOYMENT_TARGET = 10.3;
				MTL_ENABLE_DEBUG_INFO = NO;
				SDKROOT = iphoneos;
				SWIFT_OPTIMIZATION_LEVEL = "-Owholemodule";
				TARGETED_DEVICE_FAMILY = "1,2";
				VALIDATE_PRODUCT = YES;
			};
			name = Release;
		};
		9B6962491F1241A40078F9B2 /* Debug */ = {
			isa = XCBuildConfiguration;
			baseConfigurationReference = B7975A9D9CD5DE20B8FBD400 /* Pods-ClickAndShare.debug.xcconfig */;
			buildSettings = {
				ASSETCATALOG_COMPILER_APPICON_NAME = AppIcon;
				DEVELOPMENT_TEAM = LXKYY3Z6TA;
				INFOPLIST_FILE = ClickAndShare/Info.plist;
				IPHONEOS_DEPLOYMENT_TARGET = 10.0;
				LD_RUNPATH_SEARCH_PATHS = "$(inherited) @executable_path/Frameworks";
				PRODUCT_BUNDLE_IDENTIFIER = com.madhusudhanbr.ClickAndShare;
				PRODUCT_NAME = "$(TARGET_NAME)";
				SWIFT_VERSION = 3.0;
			};
			name = Debug;
		};
		9B69624A1F1241A40078F9B2 /* Release */ = {
			isa = XCBuildConfiguration;
			baseConfigurationReference = C473CB6D2436D98FF04F4BAE /* Pods-ClickAndShare.release.xcconfig */;
			buildSettings = {
				ASSETCATALOG_COMPILER_APPICON_NAME = AppIcon;
				DEVELOPMENT_TEAM = LXKYY3Z6TA;
				INFOPLIST_FILE = ClickAndShare/Info.plist;
				IPHONEOS_DEPLOYMENT_TARGET = 10.0;
				LD_RUNPATH_SEARCH_PATHS = "$(inherited) @executable_path/Frameworks";
				PRODUCT_BUNDLE_IDENTIFIER = com.madhusudhanbr.ClickAndShare;
				PRODUCT_NAME = "$(TARGET_NAME)";
				SWIFT_VERSION = 3.0;
			};
			name = Release;
		};
		9B69624C1F1241A40078F9B2 /* Debug */ = {
			isa = XCBuildConfiguration;
			baseConfigurationReference = 1104FEDFE2B8B76FB349B1B4 /* Pods-ClickAndShareTests.debug.xcconfig */;
			buildSettings = {
				ALWAYS_EMBED_SWIFT_STANDARD_LIBRARIES = YES;
				BUNDLE_LOADER = "$(TEST_HOST)";
				DEVELOPMENT_TEAM = LXKYY3Z6TA;
				INFOPLIST_FILE = ClickAndShareTests/Info.plist;
				LD_RUNPATH_SEARCH_PATHS = "$(inherited) @executable_path/Frameworks @loader_path/Frameworks";
				PRODUCT_BUNDLE_IDENTIFIER = com.madhusudhanbr.ClickAndShareTests;
				PRODUCT_NAME = "$(TARGET_NAME)";
				SWIFT_VERSION = 3.0;
				TEST_HOST = "$(BUILT_PRODUCTS_DIR)/ClickAndShare.app/ClickAndShare";
			};
			name = Debug;
		};
		9B69624D1F1241A40078F9B2 /* Release */ = {
			isa = XCBuildConfiguration;
			baseConfigurationReference = 03247E09949DB753C10AFE0A /* Pods-ClickAndShareTests.release.xcconfig */;
			buildSettings = {
				ALWAYS_EMBED_SWIFT_STANDARD_LIBRARIES = YES;
				BUNDLE_LOADER = "$(TEST_HOST)";
				DEVELOPMENT_TEAM = LXKYY3Z6TA;
				INFOPLIST_FILE = ClickAndShareTests/Info.plist;
				LD_RUNPATH_SEARCH_PATHS = "$(inherited) @executable_path/Frameworks @loader_path/Frameworks";
				PRODUCT_BUNDLE_IDENTIFIER = com.madhusudhanbr.ClickAndShareTests;
				PRODUCT_NAME = "$(TARGET_NAME)";
				SWIFT_VERSION = 3.0;
				TEST_HOST = "$(BUILT_PRODUCTS_DIR)/ClickAndShare.app/ClickAndShare";
			};
			name = Release;
		};
		9B69624F1F1241A40078F9B2 /* Debug */ = {
			isa = XCBuildConfiguration;
			baseConfigurationReference = 9B0589AAC7861C61BEC5309B /* Pods-ClickAndShareUITests.debug.xcconfig */;
			buildSettings = {
				ALWAYS_EMBED_SWIFT_STANDARD_LIBRARIES = YES;
				DEVELOPMENT_TEAM = LXKYY3Z6TA;
				INFOPLIST_FILE = ClickAndShareUITests/Info.plist;
				LD_RUNPATH_SEARCH_PATHS = "$(inherited) @executable_path/Frameworks @loader_path/Frameworks";
				PRODUCT_BUNDLE_IDENTIFIER = com.madhusudhanbr.ClickAndShareUITests;
				PRODUCT_NAME = "$(TARGET_NAME)";
				SWIFT_VERSION = 3.0;
				TEST_TARGET_NAME = ClickAndShare;
			};
			name = Debug;
		};
		9B6962501F1241A40078F9B2 /* Release */ = {
			isa = XCBuildConfiguration;
			baseConfigurationReference = B8B08BEBE42413AAC8A37808 /* Pods-ClickAndShareUITests.release.xcconfig */;
			buildSettings = {
				ALWAYS_EMBED_SWIFT_STANDARD_LIBRARIES = YES;
				DEVELOPMENT_TEAM = LXKYY3Z6TA;
				INFOPLIST_FILE = ClickAndShareUITests/Info.plist;
				LD_RUNPATH_SEARCH_PATHS = "$(inherited) @executable_path/Frameworks @loader_path/Frameworks";
				PRODUCT_BUNDLE_IDENTIFIER = com.madhusudhanbr.ClickAndShareUITests;
				PRODUCT_NAME = "$(TARGET_NAME)";
				SWIFT_VERSION = 3.0;
				TEST_TARGET_NAME = ClickAndShare;
			};
			name = Release;
		};
/* End XCBuildConfiguration section */

/* Begin XCConfigurationList section */
		9B6962181F1241A30078F9B2 /* Build configuration list for PBXProject "ClickAndShare" */ = {
			isa = XCConfigurationList;
			buildConfigurations = (
				9B6962461F1241A40078F9B2 /* Debug */,
				9B6962471F1241A40078F9B2 /* Release */,
			);
			defaultConfigurationIsVisible = 0;
			defaultConfigurationName = Release;
		};
		9B6962481F1241A40078F9B2 /* Build configuration list for PBXNativeTarget "ClickAndShare" */ = {
			isa = XCConfigurationList;
			buildConfigurations = (
				9B6962491F1241A40078F9B2 /* Debug */,
				9B69624A1F1241A40078F9B2 /* Release */,
			);
			defaultConfigurationIsVisible = 0;
			defaultConfigurationName = Release;
		};
		9B69624B1F1241A40078F9B2 /* Build configuration list for PBXNativeTarget "ClickAndShareTests" */ = {
			isa = XCConfigurationList;
			buildConfigurations = (
				9B69624C1F1241A40078F9B2 /* Debug */,
				9B69624D1F1241A40078F9B2 /* Release */,
			);
			defaultConfigurationIsVisible = 0;
			defaultConfigurationName = Release;
		};
		9B69624E1F1241A40078F9B2 /* Build configuration list for PBXNativeTarget "ClickAndShareUITests" */ = {
			isa = XCConfigurationList;
			buildConfigurations = (
				9B69624F1F1241A40078F9B2 /* Debug */,
				9B6962501F1241A40078F9B2 /* Release */,
			);
			defaultConfigurationIsVisible = 0;
			defaultConfigurationName = Release;
		};
/* End XCConfigurationList section */

/* Begin XCVersionGroup section */
		9B6962271F1241A30078F9B2 /* ClickAndShare.xcdatamodeld */ = {
			isa = XCVersionGroup;
			children = (
				9B6962281F1241A30078F9B2 /* ClickAndShare.xcdatamodel */,
			);
			currentVersion = 9B6962281F1241A30078F9B2 /* ClickAndShare.xcdatamodel */;
			path = ClickAndShare.xcdatamodeld;
			sourceTree = "<group>";
			versionGroupType = wrapper.xcdatamodel;
		};
/* End XCVersionGroup section */
	};
	rootObject = 9B6962151F1241A30078F9B2 /* Project object */;
}
